
Microsoft Visual Studio Solution File, Format Version 12.00
# Visual Studio Version 17
VisualStudioVersion = 17.4.33205.214
MinimumVisualStudioVersion = 10.0.40219.1
Project("{9A19103F-16F7-4668-BE54-9A1E7A4F7556}") = "VRCP", "VRCP\VRCP.csproj", "{FF356A6F-2801-49DF-8347-0ED33D962201}"
EndProject
Project("{9A19103F-16F7-4668-BE54-9A1E7A4F7556}") = "VRCP.Async", "VRCP.Async\VRCP.Async.csproj", "{FE0F0D3D-1A9D-4698-BF76-4E77FC488C9F}"
EndProject
Project("{9A19103F-16F7-4668-BE54-9A1E7A4F7556}") = "VRCP.Core", "VRCP.Core\VRCP.Core.csproj", "{23A86D3C-0A9F-4114-A834-D739CD6806F2}"
EndProject
Global
	GlobalSection(SolutionConfigurationPlatforms) = preSolution
		Debug|Any CPU = Debug|Any CPU
		Debug|x64 = Debug|x64
		Debug|x86 = Debug|x86
		Release|Any CPU = Release|Any CPU
		Release|x64 = Release|x64
		Release|x86 = Release|x86
	EndGlobalSection
	GlobalSection(ProjectConfigurationPlatforms) = postSolution
		{FF356A6F-2801-49DF-8347-0ED33D962201}.Debug|Any CPU.ActiveCfg = Debug|Any CPU
		{FF356A6F-2801-49DF-8347-0ED33D962201}.Debug|Any CPU.Build.0 = Debug|Any CPU
		{FF356A6F-2801-49DF-8347-0ED33D962201}.Debug|x64.ActiveCfg = Debug|Any CPU
		{FF356A6F-2801-49DF-8347-0ED33D962201}.Debug|x64.Build.0 = Debug|Any CPU
		{FF356A6F-2801-49DF-8347-0ED33D962201}.Debug|x86.ActiveCfg = Debug|Any CPU
		{FF356A6F-2801-49DF-8347-0ED33D962201}.Debug|x86.Build.0 = Debug|Any CPU
		{FF356A6F-2801-49DF-8347-0ED33D962201}.Release|Any CPU.ActiveCfg = Release|Any CPU
		{FF356A6F-2801-49DF-8347-0ED33D962201}.Release|Any CPU.Build.0 = Release|Any CPU
		{FF356A6F-2801-49DF-8347-0ED33D962201}.Release|x64.ActiveCfg = Release|Any CPU
		{FF356A6F-2801-49DF-8347-0ED33D962201}.Release|x64.Build.0 = Release|Any CPU
		{FF356A6F-2801-49DF-8347-0ED33D962201}.Release|x86.ActiveCfg = Release|Any CPU
		{FF356A6F-2801-49DF-8347-0ED33D962201}.Release|x86.Build.0 = Release|Any CPU
		{FE0F0D3D-1A9D-4698-BF76-4E77FC488C9F}.Debug|Any CPU.ActiveCfg = Debug|Any CPU
		{FE0F0D3D-1A9D-4698-BF76-4E77FC488C9F}.Debug|Any CPU.Build.0 = Debug|Any CPU
		{FE0F0D3D-1A9D-4698-BF76-4E77FC488C9F}.Debug|x64.ActiveCfg = Debug|Any CPU
		{FE0F0D3D-1A9D-4698-BF76-4E77FC488C9F}.Debug|x64.Build.0 = Debug|Any CPU
		{FE0F0D3D-1A9D-4698-BF76-4E77FC488C9F}.Debug|x86.ActiveCfg = Debug|Any CPU
		{FE0F0D3D-1A9D-4698-BF76-4E77FC488C9F}.Debug|x86.Build.0 = Debug|Any CPU
		{FE0F0D3D-1A9D-4698-BF76-4E77FC488C9F}.Release|Any CPU.ActiveCfg = Release|Any CPU
		{FE0F0D3D-1A9D-4698-BF76-4E77FC488C9F}.Release|Any CPU.Build.0 = Release|Any CPU
		{FE0F0D3D-1A9D-4698-BF76-4E77FC488C9F}.Release|x64.ActiveCfg = Release|Any CPU
		{FE0F0D3D-1A9D-4698-BF76-4E77FC488C9F}.Release|x64.Build.0 = Release|Any CPU
		{FE0F0D3D-1A9D-4698-BF76-4E77FC488C9F}.Release|x86.ActiveCfg = Release|Any CPU
		{FE0F0D3D-1A9D-4698-BF76-4E77FC488C9F}.Release|x86.Build.0 = Release|Any CPU
		{23A86D3C-0A9F-4114-A834-D739CD6806F2}.Debug|Any CPU.ActiveCfg = Debug|Any CPU
		{23A86D3C-0A9F-4114-A834-D739CD6806F2}.Debug|Any CPU.Build.0 = Debug|Any CPU
		{23A86D3C-0A9F-4114-A834-D739CD6806F2}.Debug|x64.ActiveCfg = Debug|Any CPU
		{23A86D3C-0A9F-4114-A834-D739CD6806F2}.Debug|x64.Build.0 = Debug|Any CPU
		{23A86D3C-0A9F-4114-A834-D739CD6806F2}.Debug|x86.ActiveCfg = Debug|Any CPU
		{23A86D3C-0A9F-4114-A834-D739CD6806F2}.Debug|x86.Build.0 = Debug|Any CPU
		{23A86D3C-0A9F-4114-A834-D739CD6806F2}.Release|Any CPU.ActiveCfg = Release|Any CPU
		{23A86D3C-0A9F-4114-A834-D739CD6806F2}.Release|Any CPU.Build.0 = Release|Any CPU
		{23A86D3C-0A9F-4114-A834-D739CD6806F2}.Release|x64.ActiveCfg = Release|Any CPU
		{23A86D3C-0A9F-4114-A834-D739CD6806F2}.Release|x64.Build.0 = Release|Any CPU
		{23A86D3C-0A9F-4114-A834-D739CD6806F2}.Release|x86.ActiveCfg = Release|Any CPU
		{23A86D3C-0A9F-4114-A834-D739CD6806F2}.Release|x86.Build.0 = Release|Any CPU
	EndGlobalSection
	GlobalSection(SolutionProperties) = preSolution
		HideSolutionNode = FALSE
	EndGlobalSection
	GlobalSection(ExtensibilityGlobals) = postSolution
		SolutionGuid = {83D1C9C7-1858-4C04-A789-8A676797610D}
	EndGlobalSection
EndGlobal
